
Microsoft Visual Studio Solution File, Format Version 12.00
# Visual Studio Version 16
VisualStudioVersion = 16.0.810.19
MinimumVisualStudioVersion = 10.0.40219.1
Project("{FAE04EC0-301F-11D3-BF4B-00C04F79EFBC}") = "KinoPoiskAutomatedTests", "KinoPoiskAutomatedTests\KinoPoiskAutomatedTests.csproj", "{CFCF08A4-76B7-4446-A626-0BA2502CBBCF}"
EndProject
Global
	GlobalSection(SolutionConfigurationPlatforms) = preSolution
		Debug|Any CPU = Debug|Any CPU
		Release|Any CPU = Release|Any CPU
	EndGlobalSection
	GlobalSection(ProjectConfigurationPlatforms) = postSolution
		{CFCF08A4-76B7-4446-A626-0BA2502CBBCF}.Debug|Any CPU.ActiveCfg = Debug|Any CPU
		{CFCF08A4-76B7-4446-A626-0BA2502CBBCF}.Debug|Any CPU.Build.0 = Debug|Any CPU
		{CFCF08A4-76B7-4446-A626-0BA2502CBBCF}.Release|Any CPU.ActiveCfg = Release|Any CPU
		{CFCF08A4-76B7-4446-A626-0BA2502CBBCF}.Release|Any CPU.Build.0 = Release|Any CPU
	EndGlobalSection
	GlobalSection(SolutionProperties) = preSolution
		HideSolutionNode = FALSE
	EndGlobalSection
	GlobalSection(ExtensibilityGlobals) = postSolution
		SolutionGuid = {FF286748-8811-476F-9A38-4B958FAE9D4A}
	EndGlobalSection
EndGlobal
